
Microsoft Visual Studio Solution File, Format Version 12.00
# Visual Studio 15
VisualStudioVersion = 15.0.28307.271
MinimumVisualStudioVersion = 10.0.40219.1
Project("{FAE04EC0-301F-11D3-BF4B-00C04F79EFBC}") = "CIS108_Lab1", "CIS108_Lab1\CIS108_Lab1.csproj", "{5113E94A-BAB3-449E-BA1E-D5BD311528FB}"
EndProject
Project("{8BC9CEB8-8B4A-11D0-8D11-00A0C91BC942}") = "Exercise1", "Exercise1\Exercise1.vcxproj", "{5B93A1D8-9343-42F1-BC0E-D4915A3CAFF2}"
EndProject
Project("{8BC9CEB8-8B4A-11D0-8D11-00A0C91BC942}") = "Exercise2", "Exercise2\Exercise2.vcxproj", "{D2EDA8E8-0262-4A25-B240-F38E782E2A59}"
EndProject
Project("{8BC9CEB8-8B4A-11D0-8D11-00A0C91BC942}") = "Exercise3", "Exercise3\Exercise3.vcxproj", "{5D17C86A-655A-4804-AEC5-EFA9E9F848D5}"
EndProject
Global
	GlobalSection(SolutionConfigurationPlatforms) = preSolution
		Debug|ARM = Debug|ARM
		Debug|ARM64 = Debug|ARM64
		Debug|x64 = Debug|x64
		Debug|x86 = Debug|x86
		Release|ARM = Release|ARM
		Release|ARM64 = Release|ARM64
		Release|x64 = Release|x64
		Release|x86 = Release|x86
	EndGlobalSection
	GlobalSection(ProjectConfigurationPlatforms) = postSolution
		{5113E94A-BAB3-449E-BA1E-D5BD311528FB}.Debug|ARM.ActiveCfg = Debug|ARM
		{5113E94A-BAB3-449E-BA1E-D5BD311528FB}.Debug|ARM.Build.0 = Debug|ARM
		{5113E94A-BAB3-449E-BA1E-D5BD311528FB}.Debug|ARM.Deploy.0 = Debug|ARM
		{5113E94A-BAB3-449E-BA1E-D5BD311528FB}.Debug|ARM64.ActiveCfg = Debug|ARM64
		{5113E94A-BAB3-449E-BA1E-D5BD311528FB}.Debug|ARM64.Build.0 = Debug|ARM64
		{5113E94A-BAB3-449E-BA1E-D5BD311528FB}.Debug|ARM64.Deploy.0 = Debug|ARM64
		{5113E94A-BAB3-449E-BA1E-D5BD311528FB}.Debug|x64.ActiveCfg = Debug|x64
		{5113E94A-BAB3-449E-BA1E-D5BD311528FB}.Debug|x64.Build.0 = Debug|x64
		{5113E94A-BAB3-449E-BA1E-D5BD311528FB}.Debug|x64.Deploy.0 = Debug|x64
		{5113E94A-BAB3-449E-BA1E-D5BD311528FB}.Debug|x86.ActiveCfg = Debug|x86
		{5113E94A-BAB3-449E-BA1E-D5BD311528FB}.Debug|x86.Build.0 = Debug|x86
		{5113E94A-BAB3-449E-BA1E-D5BD311528FB}.Debug|x86.Deploy.0 = Debug|x86
		{5113E94A-BAB3-449E-BA1E-D5BD311528FB}.Release|ARM.ActiveCfg = Release|ARM
		{5113E94A-BAB3-449E-BA1E-D5BD311528FB}.Release|ARM.Build.0 = Release|ARM
		{5113E94A-BAB3-449E-BA1E-D5BD311528FB}.Release|ARM.Deploy.0 = Release|ARM
		{5113E94A-BAB3-449E-BA1E-D5BD311528FB}.Release|ARM64.ActiveCfg = Release|ARM64
		{5113E94A-BAB3-449E-BA1E-D5BD311528FB}.Release|ARM64.Build.0 = Release|ARM64
		{5113E94A-BAB3-449E-BA1E-D5BD311528FB}.Release|ARM64.Deploy.0 = Release|ARM64
		{5113E94A-BAB3-449E-BA1E-D5BD311528FB}.Release|x64.ActiveCfg = Release|x64
		{5113E94A-BAB3-449E-BA1E-D5BD311528FB}.Release|x64.Build.0 = Release|x64
		{5113E94A-BAB3-449E-BA1E-D5BD311528FB}.Release|x64.Deploy.0 = Release|x64
		{5113E94A-BAB3-449E-BA1E-D5BD311528FB}.Release|x86.ActiveCfg = Release|x86
		{5113E94A-BAB3-449E-BA1E-D5BD311528FB}.Release|x86.Build.0 = Release|x86
		{5113E94A-BAB3-449E-BA1E-D5BD311528FB}.Release|x86.Deploy.0 = Release|x86
		{5B93A1D8-9343-42F1-BC0E-D4915A3CAFF2}.Debug|ARM.ActiveCfg = Debug|Win32
		{5B93A1D8-9343-42F1-BC0E-D4915A3CAFF2}.Debug|ARM64.ActiveCfg = Debug|Win32
		{5B93A1D8-9343-42F1-BC0E-D4915A3CAFF2}.Debug|x64.ActiveCfg = Debug|x64
		{5B93A1D8-9343-42F1-BC0E-D4915A3CAFF2}.Debug|x64.Build.0 = Debug|x64
		{5B93A1D8-9343-42F1-BC0E-D4915A3CAFF2}.Debug|x86.ActiveCfg = Debug|Win32
		{5B93A1D8-9343-42F1-BC0E-D4915A3CAFF2}.Debug|x86.Build.0 = Debug|Win32
		{5B93A1D8-9343-42F1-BC0E-D4915A3CAFF2}.Release|ARM.ActiveCfg = Release|Win32
		{5B93A1D8-9343-42F1-BC0E-D4915A3CAFF2}.Release|ARM64.ActiveCfg = Release|Win32
		{5B93A1D8-9343-42F1-BC0E-D4915A3CAFF2}.Release|x64.ActiveCfg = Release|x64
		{5B93A1D8-9343-42F1-BC0E-D4915A3CAFF2}.Release|x64.Build.0 = Release|x64
		{5B93A1D8-9343-42F1-BC0E-D4915A3CAFF2}.Release|x86.ActiveCfg = Release|Win32
		{5B93A1D8-9343-42F1-BC0E-D4915A3CAFF2}.Release|x86.Build.0 = Release|Win32
		{D2EDA8E8-0262-4A25-B240-F38E782E2A59}.Debug|ARM.ActiveCfg = Debug|Win32
		{D2EDA8E8-0262-4A25-B240-F38E782E2A59}.Debug|ARM64.ActiveCfg = Debug|Win32
		{D2EDA8E8-0262-4A25-B240-F38E782E2A59}.Debug|x64.ActiveCfg = Debug|x64
		{D2EDA8E8-0262-4A25-B240-F38E782E2A59}.Debug|x64.Build.0 = Debug|x64
		{D2EDA8E8-0262-4A25-B240-F38E782E2A59}.Debug|x86.ActiveCfg = Debug|Win32
		{D2EDA8E8-0262-4A25-B240-F38E782E2A59}.Debug|x86.Build.0 = Debug|Win32
		{D2EDA8E8-0262-4A25-B240-F38E782E2A59}.Release|ARM.ActiveCfg = Release|Win32
		{D2EDA8E8-0262-4A25-B240-F38E782E2A59}.Release|ARM64.ActiveCfg = Release|Win32
		{D2EDA8E8-0262-4A25-B240-F38E782E2A59}.Release|x64.ActiveCfg = Release|x64
		{D2EDA8E8-0262-4A25-B240-F38E782E2A59}.Release|x64.Build.0 = Release|x64
		{D2EDA8E8-0262-4A25-B240-F38E782E2A59}.Release|x86.ActiveCfg = Release|Win32
		{D2EDA8E8-0262-4A25-B240-F38E782E2A59}.Release|x86.Build.0 = Release|Win32
		{5D17C86A-655A-4804-AEC5-EFA9E9F848D5}.Debug|ARM.ActiveCfg = Debug|Win32
		{5D17C86A-655A-4804-AEC5-EFA9E9F848D5}.Debug|ARM64.ActiveCfg = Debug|Win32
		{5D17C86A-655A-4804-AEC5-EFA9E9F848D5}.Debug|x64.ActiveCfg = Debug|x64
		{5D17C86A-655A-4804-AEC5-EFA9E9F848D5}.Debug|x64.Build.0 = Debug|x64
		{5D17C86A-655A-4804-AEC5-EFA9E9F848D5}.Debug|x86.ActiveCfg = Debug|Win32
		{5D17C86A-655A-4804-AEC5-EFA9E9F848D5}.Debug|x86.Build.0 = Debug|Win32
		{5D17C86A-655A-4804-AEC5-EFA9E9F848D5}.Release|ARM.ActiveCfg = Release|Win32
		{5D17C86A-655A-4804-AEC5-EFA9E9F848D5}.Release|ARM64.ActiveCfg = Release|Win32
		{5D17C86A-655A-4804-AEC5-EFA9E9F848D5}.Release|x64.ActiveCfg = Release|x64
		{5D17C86A-655A-4804-AEC5-EFA9E9F848D5}.Release|x64.Build.0 = Release|x64
		{5D17C86A-655A-4804-AEC5-EFA9E9F848D5}.Release|x86.ActiveCfg = Release|Win32
		{5D17C86A-655A-4804-AEC5-EFA9E9F848D5}.Release|x86.Build.0 = Release|Win32
	EndGlobalSection
	GlobalSection(SolutionProperties) = preSolution
		HideSolutionNode = FALSE
	EndGlobalSection
	GlobalSection(ExtensibilityGlobals) = postSolution
		SolutionGuid = {CE9D01DC-238E-4912-85E1-1D6D8BF83ECB}
	EndGlobalSection
EndGlobal
